// !$*UTF8*$!
{
	archiveVersion = 1;
	classes = {
	};
	objectVersion = 56;
	objects = {

/* Begin PBXBuildFile section */
		C427EDD28C3A4EDB992D4F97 /* Pods_NotesApp.framework in Frameworks */ = {isa = PBXBuildFile; fileRef = 0098576B78AF7D23118A2608 /* Pods_NotesApp.framework */; };
		C6D62E3529E8B33600B33E9D /* Assets.xcassets in Resources */ = {isa = PBXBuildFile; fileRef = C6D62E3429E8B33600B33E9D /* Assets.xcassets */; };
		C6D62E3829E8B33600B33E9D /* LaunchScreen.storyboard in Resources */ = {isa = PBXBuildFile; fileRef = C6D62E3629E8B33600B33E9D /* LaunchScreen.storyboard */; };
		C6D62E5F29E8B34500B33E9D /* StyleKeyboardService.swift in Sources */ = {isa = PBXBuildFile; fileRef = C6D62E4129E8B34500B33E9D /* StyleKeyboardService.swift */; };
		C6D62E6029E8B34500B33E9D /* TextView+Extension.swift in Sources */ = {isa = PBXBuildFile; fileRef = C6D62E4329E8B34500B33E9D /* TextView+Extension.swift */; };
		C6D62E6129E8B34500B33E9D /* UIStackView+Extension.swift in Sources */ = {isa = PBXBuildFile; fileRef = C6D62E4429E8B34500B33E9D /* UIStackView+Extension.swift */; };
		C6D62E6229E8B34500B33E9D /* MainScreenPresenter.swift in Sources */ = {isa = PBXBuildFile; fileRef = C6D62E4829E8B34500B33E9D /* MainScreenPresenter.swift */; };
		C6D62E6329E8B34500B33E9D /* CollectionViewCell.swift in Sources */ = {isa = PBXBuildFile; fileRef = C6D62E4A29E8B34500B33E9D /* CollectionViewCell.swift */; };
		C6D62E6429E8B34500B33E9D /* MainScreenViewController.swift in Sources */ = {isa = PBXBuildFile; fileRef = C6D62E4B29E8B34500B33E9D /* MainScreenViewController.swift */; };
		C6D62E6529E8B34500B33E9D /* DetailsScreenPresenter.swift in Sources */ = {isa = PBXBuildFile; fileRef = C6D62E4E29E8B34500B33E9D /* DetailsScreenPresenter.swift */; };
		C6D62E6629E8B34500B33E9D /* NoteModel.swift in Sources */ = {isa = PBXBuildFile; fileRef = C6D62E5029E8B34500B33E9D /* NoteModel.swift */; };
		C6D62E6729E8B34500B33E9D /* DetailsScreenViewController.swift in Sources */ = {isa = PBXBuildFile; fileRef = C6D62E5229E8B34500B33E9D /* DetailsScreenViewController.swift */; };
		C6D62E6829E8B34500B33E9D /* NavigationController.swift in Sources */ = {isa = PBXBuildFile; fileRef = C6D62E5329E8B34500B33E9D /* NavigationController.swift */; };
		C6D62E6929E8B34500B33E9D /* AppDelegate.swift in Sources */ = {isa = PBXBuildFile; fileRef = C6D62E5529E8B34500B33E9D /* AppDelegate.swift */; };
		C6D62E6A29E8B34500B33E9D /* SceneDelegate.swift in Sources */ = {isa = PBXBuildFile; fileRef = C6D62E5629E8B34500B33E9D /* SceneDelegate.swift */; };
		C6D62E6B29E8B34500B33E9D /* AssemblyBuilder.swift in Sources */ = {isa = PBXBuildFile; fileRef = C6D62E5929E8B34500B33E9D /* AssemblyBuilder.swift */; };
		C6D62E6C29E8B34500B33E9D /* NotesService.swift in Sources */ = {isa = PBXBuildFile; fileRef = C6D62E5B29E8B34500B33E9D /* NotesService.swift */; };
		C6D62E6D29E8B34500B33E9D /* DIContainer.swift in Sources */ = {isa = PBXBuildFile; fileRef = C6D62E5C29E8B34500B33E9D /* DIContainer.swift */; };
		C6D62E6E29E8B34500B33E9D /* Router.swift in Sources */ = {isa = PBXBuildFile; fileRef = C6D62E5E29E8B34500B33E9D /* Router.swift */; };
		C6D62E7129E8B42300B33E9D /* Constants.swift in Sources */ = {isa = PBXBuildFile; fileRef = C6D62E7029E8B42300B33E9D /* Constants.swift */; };
/* End PBXBuildFile section */

/* Begin PBXFileReference section */
		0098576B78AF7D23118A2608 /* Pods_NotesApp.framework */ = {isa = PBXFileReference; explicitFileType = wrapper.framework; includeInIndex = 0; path = Pods_NotesApp.framework; sourceTree = BUILT_PRODUCTS_DIR; };
		2645E2F2BB3C96F621CA038B /* Pods-NotesApp.release.xcconfig */ = {isa = PBXFileReference; includeInIndex = 1; lastKnownFileType = text.xcconfig; name = "Pods-NotesApp.release.xcconfig"; path = "Target Support Files/Pods-NotesApp/Pods-NotesApp.release.xcconfig"; sourceTree = "<group>"; };
		B114818196B600298489396E /* Pods-NotesApp.debug.xcconfig */ = {isa = PBXFileReference; includeInIndex = 1; lastKnownFileType = text.xcconfig; name = "Pods-NotesApp.debug.xcconfig"; path = "Target Support Files/Pods-NotesApp/Pods-NotesApp.debug.xcconfig"; sourceTree = "<group>"; };
		C6D62E2829E8B33500B33E9D /* NotesApp.app */ = {isa = PBXFileReference; explicitFileType = wrapper.application; includeInIndex = 0; path = NotesApp.app; sourceTree = BUILT_PRODUCTS_DIR; };
		C6D62E3429E8B33600B33E9D /* Assets.xcassets */ = {isa = PBXFileReference; lastKnownFileType = folder.assetcatalog; path = Assets.xcassets; sourceTree = "<group>"; };
		C6D62E3729E8B33600B33E9D /* Base */ = {isa = PBXFileReference; lastKnownFileType = file.storyboard; name = Base; path = Base.lproj/LaunchScreen.storyboard; sourceTree = "<group>"; };
		C6D62E3929E8B33600B33E9D /* Info.plist */ = {isa = PBXFileReference; lastKnownFileType = text.plist.xml; path = Info.plist; sourceTree = "<group>"; };
		C6D62E4129E8B34500B33E9D /* StyleKeyboardService.swift */ = {isa = PBXFileReference; fileEncoding = 4; lastKnownFileType = sourcecode.swift; path = StyleKeyboardService.swift; sourceTree = "<group>"; };
		C6D62E4329E8B34500B33E9D /* TextView+Extension.swift */ = {isa = PBXFileReference; fileEncoding = 4; lastKnownFileType = sourcecode.swift; path = "TextView+Extension.swift"; sourceTree = "<group>"; };
		C6D62E4429E8B34500B33E9D /* UIStackView+Extension.swift */ = {isa = PBXFileReference; fileEncoding = 4; lastKnownFileType = sourcecode.swift; path = "UIStackView+Extension.swift"; sourceTree = "<group>"; };
		C6D62E4829E8B34500B33E9D /* MainScreenPresenter.swift */ = {isa = PBXFileReference; fileEncoding = 4; lastKnownFileType = sourcecode.swift; path = MainScreenPresenter.swift; sourceTree = "<group>"; };
		C6D62E4A29E8B34500B33E9D /* CollectionViewCell.swift */ = {isa = PBXFileReference; fileEncoding = 4; lastKnownFileType = sourcecode.swift; path = CollectionViewCell.swift; sourceTree = "<group>"; };
		C6D62E4B29E8B34500B33E9D /* MainScreenViewController.swift */ = {isa = PBXFileReference; fileEncoding = 4; lastKnownFileType = sourcecode.swift; path = MainScreenViewController.swift; sourceTree = "<group>"; };
		C6D62E4E29E8B34500B33E9D /* DetailsScreenPresenter.swift */ = {isa = PBXFileReference; fileEncoding = 4; lastKnownFileType = sourcecode.swift; path = DetailsScreenPresenter.swift; sourceTree = "<group>"; };
		C6D62E5029E8B34500B33E9D /* NoteModel.swift */ = {isa = PBXFileReference; fileEncoding = 4; lastKnownFileType = sourcecode.swift; path = NoteModel.swift; sourceTree = "<group>"; };
		C6D62E5229E8B34500B33E9D /* DetailsScreenViewController.swift */ = {isa = PBXFileReference; fileEncoding = 4; lastKnownFileType = sourcecode.swift; path = DetailsScreenViewController.swift; sourceTree = "<group>"; };
		C6D62E5329E8B34500B33E9D /* NavigationController.swift */ = {isa = PBXFileReference; fileEncoding = 4; lastKnownFileType = sourcecode.swift; path = NavigationController.swift; sourceTree = "<group>"; };
		C6D62E5529E8B34500B33E9D /* AppDelegate.swift */ = {isa = PBXFileReference; fileEncoding = 4; lastKnownFileType = sourcecode.swift; path = AppDelegate.swift; sourceTree = "<group>"; };
		C6D62E5629E8B34500B33E9D /* SceneDelegate.swift */ = {isa = PBXFileReference; fileEncoding = 4; lastKnownFileType = sourcecode.swift; path = SceneDelegate.swift; sourceTree = "<group>"; };
		C6D62E5929E8B34500B33E9D /* AssemblyBuilder.swift */ = {isa = PBXFileReference; fileEncoding = 4; lastKnownFileType = sourcecode.swift; path = AssemblyBuilder.swift; sourceTree = "<group>"; };
		C6D62E5B29E8B34500B33E9D /* NotesService.swift */ = {isa = PBXFileReference; fileEncoding = 4; lastKnownFileType = sourcecode.swift; path = NotesService.swift; sourceTree = "<group>"; };
		C6D62E5C29E8B34500B33E9D /* DIContainer.swift */ = {isa = PBXFileReference; fileEncoding = 4; lastKnownFileType = sourcecode.swift; path = DIContainer.swift; sourceTree = "<group>"; };
		C6D62E5E29E8B34500B33E9D /* Router.swift */ = {isa = PBXFileReference; fileEncoding = 4; lastKnownFileType = sourcecode.swift; path = Router.swift; sourceTree = "<group>"; };
		C6D62E7029E8B42300B33E9D /* Constants.swift */ = {isa = PBXFileReference; fileEncoding = 4; lastKnownFileType = sourcecode.swift; path = Constants.swift; sourceTree = "<group>"; };
/* End PBXFileReference section */

/* Begin PBXFrameworksBuildPhase section */
		C6D62E2529E8B33500B33E9D /* Frameworks */ = {
			isa = PBXFrameworksBuildPhase;
			buildActionMask = 2147483647;
			files = (
				C427EDD28C3A4EDB992D4F97 /* Pods_NotesApp.framework in Frameworks */,
			);
			runOnlyForDeploymentPostprocessing = 0;
		};
/* End PBXFrameworksBuildPhase section */

/* Begin PBXGroup section */
		B689B3EE3466A16A02BE8175 /* Pods */ = {
			isa = PBXGroup;
			children = (
				B114818196B600298489396E /* Pods-NotesApp.debug.xcconfig */,
				2645E2F2BB3C96F621CA038B /* Pods-NotesApp.release.xcconfig */,
			);
			path = Pods;
			sourceTree = "<group>";
		};
		C6D62E1F29E8B33500B33E9D = {
			isa = PBXGroup;
			children = (
				C6D62E6F29E8B35800B33E9D /* Resources */,
				C6D62E3F29E8B34500B33E9D /* Core */,
				C6D62E2929E8B33500B33E9D /* Products */,
				B689B3EE3466A16A02BE8175 /* Pods */,
				EA8B1271AA32F1CC69BB54C4 /* Frameworks */,
			);
			sourceTree = "<group>";
		};
		C6D62E2929E8B33500B33E9D /* Products */ = {
			isa = PBXGroup;
			children = (
				C6D62E2829E8B33500B33E9D /* NotesApp.app */,
			);
			name = Products;
			sourceTree = "<group>";
		};
		C6D62E3F29E8B34500B33E9D /* Core */ = {
			isa = PBXGroup;
			children = (
				C6D62E4029E8B34500B33E9D /* UI */,
				C6D62E5429E8B34500B33E9D /* Application */,
				C6D62E5729E8B34500B33E9D /* Data */,
			);
			path = Core;
			sourceTree = "<group>";
		};
		C6D62E4029E8B34500B33E9D /* UI */ = {
			isa = PBXGroup;
			children = (
				C6D62E4129E8B34500B33E9D /* StyleKeyboardService.swift */,
				C6D62E4229E8B34500B33E9D /* Extensions */,
				C6D62E4529E8B34500B33E9D /* Screens */,
				C6D62E5329E8B34500B33E9D /* NavigationController.swift */,
			);
			path = UI;
			sourceTree = "<group>";
		};
		C6D62E4229E8B34500B33E9D /* Extensions */ = {
			isa = PBXGroup;
			children = (
				C6D62E4329E8B34500B33E9D /* TextView+Extension.swift */,
				C6D62E4429E8B34500B33E9D /* UIStackView+Extension.swift */,
			);
			path = Extensions;
			sourceTree = "<group>";
		};
		C6D62E4529E8B34500B33E9D /* Screens */ = {
			isa = PBXGroup;
			children = (
				C6D62E4629E8B34500B33E9D /* MainScreen */,
				C6D62E4C29E8B34500B33E9D /* DetailScreen */,
			);
			path = Screens;
			sourceTree = "<group>";
		};
		C6D62E4629E8B34500B33E9D /* MainScreen */ = {
			isa = PBXGroup;
			children = (
				C6D62E4729E8B34500B33E9D /* Presenter */,
				C6D62E4929E8B34500B33E9D /* View */,
			);
			path = MainScreen;
			sourceTree = "<group>";
		};
		C6D62E4729E8B34500B33E9D /* Presenter */ = {
			isa = PBXGroup;
			children = (
				C6D62E4829E8B34500B33E9D /* MainScreenPresenter.swift */,
			);
			path = Presenter;
			sourceTree = "<group>";
		};
		C6D62E4929E8B34500B33E9D /* View */ = {
			isa = PBXGroup;
			children = (
				C6D62E4A29E8B34500B33E9D /* CollectionViewCell.swift */,
				C6D62E4B29E8B34500B33E9D /* MainScreenViewController.swift */,
			);
			path = View;
			sourceTree = "<group>";
		};
		C6D62E4C29E8B34500B33E9D /* DetailScreen */ = {
			isa = PBXGroup;
			children = (
				C6D62E4D29E8B34500B33E9D /* Presenter */,
				C6D62E4F29E8B34500B33E9D /* Model */,
				C6D62E5129E8B34500B33E9D /* View */,
			);
			path = DetailScreen;
			sourceTree = "<group>";
		};
		C6D62E4D29E8B34500B33E9D /* Presenter */ = {
			isa = PBXGroup;
			children = (
				C6D62E4E29E8B34500B33E9D /* DetailsScreenPresenter.swift */,
			);
			path = Presenter;
			sourceTree = "<group>";
		};
		C6D62E4F29E8B34500B33E9D /* Model */ = {
			isa = PBXGroup;
			children = (
				C6D62E5029E8B34500B33E9D /* NoteModel.swift */,
			);
			path = Model;
			sourceTree = "<group>";
		};
		C6D62E5129E8B34500B33E9D /* View */ = {
			isa = PBXGroup;
			children = (
				C6D62E5229E8B34500B33E9D /* DetailsScreenViewController.swift */,
			);
			path = View;
			sourceTree = "<group>";
		};
		C6D62E5429E8B34500B33E9D /* Application */ = {
			isa = PBXGroup;
			children = (
				C6D62E5529E8B34500B33E9D /* AppDelegate.swift */,
				C6D62E5629E8B34500B33E9D /* SceneDelegate.swift */,
			);
			path = Application;
			sourceTree = "<group>";
		};
		C6D62E5729E8B34500B33E9D /* Data */ = {
			isa = PBXGroup;
			children = (
				C6D62E5829E8B34500B33E9D /* AssemblyBuilder */,
				C6D62E5A29E8B34500B33E9D /* Services */,
				C6D62E5D29E8B34500B33E9D /* Router */,
			);
			path = Data;
			sourceTree = "<group>";
		};
		C6D62E5829E8B34500B33E9D /* AssemblyBuilder */ = {
			isa = PBXGroup;
			children = (
				C6D62E5929E8B34500B33E9D /* AssemblyBuilder.swift */,
			);
			path = AssemblyBuilder;
			sourceTree = "<group>";
		};
		C6D62E5A29E8B34500B33E9D /* Services */ = {
			isa = PBXGroup;
			children = (
				C6D62E5B29E8B34500B33E9D /* NotesService.swift */,
				C6D62E5C29E8B34500B33E9D /* DIContainer.swift */,
			);
			path = Services;
			sourceTree = "<group>";
		};
		C6D62E5D29E8B34500B33E9D /* Router */ = {
			isa = PBXGroup;
			children = (
				C6D62E5E29E8B34500B33E9D /* Router.swift */,
			);
			path = Router;
			sourceTree = "<group>";
		};
		C6D62E6F29E8B35800B33E9D /* Resources */ = {
			isa = PBXGroup;
			children = (
				C6D62E7029E8B42300B33E9D /* Constants.swift */,
				C6D62E3429E8B33600B33E9D /* Assets.xcassets */,
				C6D62E3629E8B33600B33E9D /* LaunchScreen.storyboard */,
				C6D62E3929E8B33600B33E9D /* Info.plist */,
			);
			path = Resources;
			sourceTree = "<group>";
		};
		EA8B1271AA32F1CC69BB54C4 /* Frameworks */ = {
			isa = PBXGroup;
			children = (
				0098576B78AF7D23118A2608 /* Pods_NotesApp.framework */,
			);
			name = Frameworks;
			sourceTree = "<group>";
		};
/* End PBXGroup section */

/* Begin PBXNativeTarget section */
		C6D62E2729E8B33500B33E9D /* NotesApp */ = {
			isa = PBXNativeTarget;
			buildConfigurationList = C6D62E3C29E8B33600B33E9D /* Build configuration list for PBXNativeTarget "NotesApp" */;
			buildPhases = (
				FE5344ACF8EFCF22EC1EC09D /* [CP] Check Pods Manifest.lock */,
				C6D62E2429E8B33500B33E9D /* Sources */,
				C6D62E2529E8B33500B33E9D /* Frameworks */,
				C6D62E2629E8B33500B33E9D /* Resources */,
				9175A35030DFCCDF8C346EAD /* [CP] Embed Pods Frameworks */,
			);
			buildRules = (
			);
			dependencies = (
			);
			name = NotesApp;
			productName = NotesApp;
			productReference = C6D62E2829E8B33500B33E9D /* NotesApp.app */;
			productType = "com.apple.product-type.application";
		};
/* End PBXNativeTarget section */

/* Begin PBXProject section */
		C6D62E2029E8B33500B33E9D /* Project object */ = {
			isa = PBXProject;
			attributes = {
				BuildIndependentTargetsInParallel = 1;
				LastSwiftUpdateCheck = 1410;
				LastUpgradeCheck = 1410;
				TargetAttributes = {
					C6D62E2729E8B33500B33E9D = {
						CreatedOnToolsVersion = 14.1;
					};
				};
			};
			buildConfigurationList = C6D62E2329E8B33500B33E9D /* Build configuration list for PBXProject "NotesApp" */;
			compatibilityVersion = "Xcode 14.0";
			developmentRegion = en;
			hasScannedForEncodings = 0;
			knownRegions = (
				en,
				Base,
			);
			mainGroup = C6D62E1F29E8B33500B33E9D;
			productRefGroup = C6D62E2929E8B33500B33E9D /* Products */;
			projectDirPath = "";
			projectRoot = "";
			targets = (
				C6D62E2729E8B33500B33E9D /* NotesApp */,
			);
		};
/* End PBXProject section */

/* Begin PBXResourcesBuildPhase section */
		C6D62E2629E8B33500B33E9D /* Resources */ = {
			isa = PBXResourcesBuildPhase;
			buildActionMask = 2147483647;
			files = (
				C6D62E3829E8B33600B33E9D /* LaunchScreen.storyboard in Resources */,
				C6D62E3529E8B33600B33E9D /* Assets.xcassets in Resources */,
			);
			runOnlyForDeploymentPostprocessing = 0;
		};
/* End PBXResourcesBuildPhase section */

/* Begin PBXShellScriptBuildPhase section */
		9175A35030DFCCDF8C346EAD /* [CP] Embed Pods Frameworks */ = {
			isa = PBXShellScriptBuildPhase;
			buildActionMask = 2147483647;
			files = (
			);
			inputFileListPaths = (
				"${PODS_ROOT}/Target Support Files/Pods-NotesApp/Pods-NotesApp-frameworks-${CONFIGURATION}-input-files.xcfilelist",
			);
			name = "[CP] Embed Pods Frameworks";
			outputFileListPaths = (
				"${PODS_ROOT}/Target Support Files/Pods-NotesApp/Pods-NotesApp-frameworks-${CONFIGURATION}-output-files.xcfilelist",
			);
			runOnlyForDeploymentPostprocessing = 0;
			shellPath = /bin/sh;
			shellScript = "\"${PODS_ROOT}/Target Support Files/Pods-NotesApp/Pods-NotesApp-frameworks.sh\"\n";
			showEnvVarsInLog = 0;
		};
		FE5344ACF8EFCF22EC1EC09D /* [CP] Check Pods Manifest.lock */ = {
			isa = PBXShellScriptBuildPhase;
			buildActionMask = 2147483647;
			files = (
			);
			inputFileListPaths = (
			);
			inputPaths = (
				"${PODS_PODFILE_DIR_PATH}/Podfile.lock",
				"${PODS_ROOT}/Manifest.lock",
			);
			name = "[CP] Check Pods Manifest.lock";
			outputFileListPaths = (
			);
			outputPaths = (
				"$(DERIVED_FILE_DIR)/Pods-NotesApp-checkManifestLockResult.txt",
			);
			runOnlyForDeploymentPostprocessing = 0;
			shellPath = /bin/sh;
			shellScript = "diff \"${PODS_PODFILE_DIR_PATH}/Podfile.lock\" \"${PODS_ROOT}/Manifest.lock\" > /dev/null\nif [ $? != 0 ] ; then\n    # print error to STDERR\n    echo \"error: The sandbox is not in sync with the Podfile.lock. Run 'pod install' or update your CocoaPods installation.\" >&2\n    exit 1\nfi\n# This output is used by Xcode 'outputs' to avoid re-running this script phase.\necho \"SUCCESS\" > \"${SCRIPT_OUTPUT_FILE_0}\"\n";
			showEnvVarsInLog = 0;
		};
/* End PBXShellScriptBuildPhase section */

/* Begin PBXSourcesBuildPhase section */
		C6D62E2429E8B33500B33E9D /* Sources */ = {
			isa = PBXSourcesBuildPhase;
			buildActionMask = 2147483647;
			files = (
				C6D62E5F29E8B34500B33E9D /* StyleKeyboardService.swift in Sources */,
				C6D62E7129E8B42300B33E9D /* Constants.swift in Sources */,
				C6D62E6029E8B34500B33E9D /* TextView+Extension.swift in Sources */,
				C6D62E6329E8B34500B33E9D /* CollectionViewCell.swift in Sources */,
				C6D62E6729E8B34500B33E9D /* DetailsScreenViewController.swift in Sources */,
				C6D62E6929E8B34500B33E9D /* AppDelegate.swift in Sources */,
				C6D62E6A29E8B34500B33E9D /* SceneDelegate.swift in Sources */,
				C6D62E6E29E8B34500B33E9D /* Router.swift in Sources */,
				C6D62E6529E8B34500B33E9D /* DetailsScreenPresenter.swift in Sources */,
				C6D62E6B29E8B34500B33E9D /* AssemblyBuilder.swift in Sources */,
				C6D62E6229E8B34500B33E9D /* MainScreenPresenter.swift in Sources */,
				C6D62E6829E8B34500B33E9D /* NavigationController.swift in Sources */,
				C6D62E6629E8B34500B33E9D /* NoteModel.swift in Sources */,
				C6D62E6C29E8B34500B33E9D /* NotesService.swift in Sources */,
				C6D62E6129E8B34500B33E9D /* UIStackView+Extension.swift in Sources */,
				C6D62E6D29E8B34500B33E9D /* DIContainer.swift in Sources */,
				C6D62E6429E8B34500B33E9D /* MainScreenViewController.swift in Sources */,
			);
			runOnlyForDeploymentPostprocessing = 0;
		};
/* End PBXSourcesBuildPhase section */

/* Begin PBXVariantGroup section */
		C6D62E3629E8B33600B33E9D /* LaunchScreen.storyboard */ = {
			isa = PBXVariantGroup;
			children = (
				C6D62E3729E8B33600B33E9D /* Base */,
			);
			name = LaunchScreen.storyboard;
			sourceTree = "<group>";
		};
/* End PBXVariantGroup section */

/* Begin XCBuildConfiguration section */
		C6D62E3A29E8B33600B33E9D /* Debug */ = {
			isa = XCBuildConfiguration;
			buildSettings = {
				ALWAYS_SEARCH_USER_PATHS = NO;
				CLANG_ANALYZER_NONNULL = YES;
				CLANG_ANALYZER_NUMBER_OBJECT_CONVERSION = YES_AGGRESSIVE;
				CLANG_CXX_LANGUAGE_STANDARD = "gnu++20";
				CLANG_ENABLE_MODULES = YES;
				CLANG_ENABLE_OBJC_ARC = YES;
				CLANG_ENABLE_OBJC_WEAK = YES;
				CLANG_WARN_BLOCK_CAPTURE_AUTORELEASING = YES;
				CLANG_WARN_BOOL_CONVERSION = YES;
				CLANG_WARN_COMMA = YES;
				CLANG_WARN_CONSTANT_CONVERSION = YES;
				CLANG_WARN_DEPRECATED_OBJC_IMPLEMENTATIONS = YES;
				CLANG_WARN_DIRECT_OBJC_ISA_USAGE = YES_ERROR;
				CLANG_WARN_DOCUMENTATION_COMMENTS = YES;
				CLANG_WARN_EMPTY_BODY = YES;
				CLANG_WARN_ENUM_CONVERSION = YES;
				CLANG_WARN_INFINITE_RECURSION = YES;
				CLANG_WARN_INT_CONVERSION = YES;
				CLANG_WARN_NON_LITERAL_NULL_CONVERSION = YES;
				CLANG_WARN_OBJC_IMPLICIT_RETAIN_SELF = YES;
				CLANG_WARN_OBJC_LITERAL_CONVERSION = YES;
				CLANG_WARN_OBJC_ROOT_CLASS = YES_ERROR;
				CLANG_WARN_QUOTED_INCLUDE_IN_FRAMEWORK_HEADER = YES;
				CLANG_WARN_RANGE_LOOP_ANALYSIS = YES;
				CLANG_WARN_STRICT_PROTOTYPES = YES;
				CLANG_WARN_SUSPICIOUS_MOVE = YES;
				CLANG_WARN_UNGUARDED_AVAILABILITY = YES_AGGRESSIVE;
				CLANG_WARN_UNREACHABLE_CODE = YES;
				CLANG_WARN__DUPLICATE_METHOD_MATCH = YES;
				COPY_PHASE_STRIP = NO;
				DEBUG_INFORMATION_FORMAT = dwarf;
				ENABLE_STRICT_OBJC_MSGSEND = YES;
				ENABLE_TESTABILITY = YES;
				GCC_C_LANGUAGE_STANDARD = gnu11;
				GCC_DYNAMIC_NO_PIC = NO;
				GCC_NO_COMMON_BLOCKS = YES;
				GCC_OPTIMIZATION_LEVEL = 0;
				GCC_PREPROCESSOR_DEFINITIONS = (
					"DEBUG=1",
					"$(inherited)",
				);
				GCC_WARN_64_TO_32_BIT_CONVERSION = YES;
				GCC_WARN_ABOUT_RETURN_TYPE = YES_ERROR;
				GCC_WARN_UNDECLARED_SELECTOR = YES;
				GCC_WARN_UNINITIALIZED_AUTOS = YES_AGGRESSIVE;
				GCC_WARN_UNUSED_FUNCTION = YES;
				GCC_WARN_UNUSED_VARIABLE = YES;
				IPHONEOS_DEPLOYMENT_TARGET = 16.1;
				MTL_ENABLE_DEBUG_INFO = INCLUDE_SOURCE;
				MTL_FAST_MATH = YES;
				ONLY_ACTIVE_ARCH = YES;
				SDKROOT = iphoneos;
				SWIFT_ACTIVE_COMPILATION_CONDITIONS = DEBUG;
				SWIFT_OPTIMIZATION_LEVEL = "-Onone";
			};
			name = Debug;
		};
		C6D62E3B29E8B33600B33E9D /* Release */ = {
			isa = XCBuildConfiguration;
			buildSettings = {
				ALWAYS_SEARCH_USER_PATHS = NO;
				CLANG_ANALYZER_NONNULL = YES;
				CLANG_ANALYZER_NUMBER_OBJECT_CONVERSION = YES_AGGRESSIVE;
				CLANG_CXX_LANGUAGE_STANDARD = "gnu++20";
				CLANG_ENABLE_MODULES = YES;
				CLANG_ENABLE_OBJC_ARC = YES;
				CLANG_ENABLE_OBJC_WEAK = YES;
				CLANG_WARN_BLOCK_CAPTURE_AUTORELEASING = YES;
				CLANG_WARN_BOOL_CONVERSION = YES;
				CLANG_WARN_COMMA = YES;
				CLANG_WARN_CONSTANT_CONVERSION = YES;
				CLANG_WARN_DEPRECATED_OBJC_IMPLEMENTATIONS = YES;
				CLANG_WARN_DIRECT_OBJC_ISA_USAGE = YES_ERROR;
				CLANG_WARN_DOCUMENTATION_COMMENTS = YES;
				CLANG_WARN_EMPTY_BODY = YES;
				CLANG_WARN_ENUM_CONVERSION = YES;
				CLANG_WARN_INFINITE_RECURSION = YES;
				CLANG_WARN_INT_CONVERSION = YES;
				CLANG_WARN_NON_LITERAL_NULL_CONVERSION = YES;
				CLANG_WARN_OBJC_IMPLICIT_RETAIN_SELF = YES;
				CLANG_WARN_OBJC_LITERAL_CONVERSION = YES;
				CLANG_WARN_OBJC_ROOT_CLASS = YES_ERROR;
				CLANG_WARN_QUOTED_INCLUDE_IN_FRAMEWORK_HEADER = YES;
				CLANG_WARN_RANGE_LOOP_ANALYSIS = YES;
				CLANG_WARN_STRICT_PROTOTYPES = YES;
				CLANG_WARN_SUSPICIOUS_MOVE = YES;
				CLANG_WARN_UNGUARDED_AVAILABILITY = YES_AGGRESSIVE;
				CLANG_WARN_UNREACHABLE_CODE = YES;
				CLANG_WARN__DUPLICATE_METHOD_MATCH = YES;
				COPY_PHASE_STRIP = NO;
				DEBUG_INFORMATION_FORMAT = "dwarf-with-dsym";
				ENABLE_NS_ASSERTIONS = NO;
				ENABLE_STRICT_OBJC_MSGSEND = YES;
				GCC_C_LANGUAGE_STANDARD = gnu11;
				GCC_NO_COMMON_BLOCKS = YES;
				GCC_WARN_64_TO_32_BIT_CONVERSION = YES;
				GCC_WARN_ABOUT_RETURN_TYPE = YES_ERROR;
				GCC_WARN_UNDECLARED_SELECTOR = YES;
				GCC_WARN_UNINITIALIZED_AUTOS = YES_AGGRESSIVE;
				GCC_WARN_UNUSED_FUNCTION = YES;
				GCC_WARN_UNUSED_VARIABLE = YES;
				IPHONEOS_DEPLOYMENT_TARGET = 16.1;
				MTL_ENABLE_DEBUG_INFO = NO;
				MTL_FAST_MATH = YES;
				SDKROOT = iphoneos;
				SWIFT_COMPILATION_MODE = wholemodule;
				SWIFT_OPTIMIZATION_LEVEL = "-O";
				VALIDATE_PRODUCT = YES;
			};
			name = Release;
		};
		C6D62E3D29E8B33600B33E9D /* Debug */ = {
			isa = XCBuildConfiguration;
			baseConfigurationReference = B114818196B600298489396E /* Pods-NotesApp.debug.xcconfig */;
			buildSettings = {
				ASSETCATALOG_COMPILER_APPICON_NAME = AppIcon;
				ASSETCATALOG_COMPILER_GLOBAL_ACCENT_COLOR_NAME = AccentColor;
				CODE_SIGN_STYLE = Automatic;
				CURRENT_PROJECT_VERSION = 1;
				GENERATE_INFOPLIST_FILE = YES;
				INFOPLIST_FILE = Resources/Info.plist;
				INFOPLIST_KEY_UIApplicationSupportsIndirectInputEvents = YES;
				INFOPLIST_KEY_UILaunchStoryboardName = LaunchScreen;
				INFOPLIST_KEY_UISupportedInterfaceOrientations_iPad = "UIInterfaceOrientationPortrait UIInterfaceOrientationPortraitUpsideDown UIInterfaceOrientationLandscapeLeft UIInterfaceOrientationLandscapeRight";
				INFOPLIST_KEY_UISupportedInterfaceOrientations_iPhone = "UIInterfaceOrientationPortrait UIInterfaceOrientationLandscapeLeft UIInterfaceOrientationLandscapeRight";
				LD_RUNPATH_SEARCH_PATHS = (
					"$(inherited)",
					"@executable_path/Frameworks",
				);
				MARKETING_VERSION = 1.0;
				PRODUCT_BUNDLE_IDENTIFIER = ggg.NotesApp;
				PRODUCT_NAME = "$(TARGET_NAME)";
				SWIFT_EMIT_LOC_STRINGS = YES;
				SWIFT_VERSION = 5.0;
				TARGETED_DEVICE_FAMILY = "1,2";
			};
			name = Debug;
		};
		C6D62E3E29E8B33600B33E9D /* Release */ = {
			isa = XCBuildConfiguration;
			baseConfigurationReference = 2645E2F2BB3C96F621CA038B /* Pods-NotesApp.release.xcconfig */;
			buildSettings = {
				ASSETCATALOG_COMPILER_APPICON_NAME = AppIcon;
				ASSETCATALOG_COMPILER_GLOBAL_ACCENT_COLOR_NAME = AccentColor;
				CODE_SIGN_STYLE = Automatic;
				CURRENT_PROJECT_VERSION = 1;
				GENERATE_INFOPLIST_FILE = YES;
				INFOPLIST_FILE = Resources/Info.plist;
				INFOPLIST_KEY_UIApplicationSupportsIndirectInputEvents = YES;
				INFOPLIST_KEY_UILaunchStoryboardName = LaunchScreen;
				INFOPLIST_KEY_UISupportedInterfaceOrientations_iPad = "UIInterfaceOrientationPortrait UIInterfaceOrientationPortraitUpsideDown UIInterfaceOrientationLandscapeLeft UIInterfaceOrientationLandscapeRight";
				INFOPLIST_KEY_UISupportedInterfaceOrientations_iPhone = "UIInterfaceOrientationPortrait UIInterfaceOrientationLandscapeLeft UIInterfaceOrientationLandscapeRight";
				LD_RUNPATH_SEARCH_PATHS = (
					"$(inherited)",
					"@executable_path/Frameworks",
				);
				MARKETING_VERSION = 1.0;
				PRODUCT_BUNDLE_IDENTIFIER = ggg.NotesApp;
				PRODUCT_NAME = "$(TARGET_NAME)";
				SWIFT_EMIT_LOC_STRINGS = YES;
				SWIFT_VERSION = 5.0;
				TARGETED_DEVICE_FAMILY = "1,2";
			};
			name = Release;
		};
/* End XCBuildConfiguration section */

/* Begin XCConfigurationList section */
		C6D62E2329E8B33500B33E9D /* Build configuration list for PBXProject "NotesApp" */ = {
			isa = XCConfigurationList;
			buildConfigurations = (
				C6D62E3A29E8B33600B33E9D /* Debug */,
				C6D62E3B29E8B33600B33E9D /* Release */,
			);
			defaultConfigurationIsVisible = 0;
			defaultConfigurationName = Release;
		};
		C6D62E3C29E8B33600B33E9D /* Build configuration list for PBXNativeTarget "NotesApp" */ = {
			isa = XCConfigurationList;
			buildConfigurations = (
				C6D62E3D29E8B33600B33E9D /* Debug */,
				C6D62E3E29E8B33600B33E9D /* Release */,
			);
			defaultConfigurationIsVisible = 0;
			defaultConfigurationName = Release;
		};
/* End XCConfigurationList section */
	};
	rootObject = C6D62E2029E8B33500B33E9D /* Project object */;
}
